
Microsoft Visual Studio Solution File, Format Version 12.00
# Visual Studio Version 16
VisualStudioVersion = 16.0.31105.61
MinimumVisualStudioVersion = 10.0.40219.1
Project("{FAE04EC0-301F-11D3-BF4B-00C04F79EFBC}") = "MISA.Amis.API", "MISA.Amis.API\MISA.Amis.API.csproj", "{915A7D6B-AF2C-40D9-AF63-03A68A069AC3}"
EndProject
Project("{FAE04EC0-301F-11D3-BF4B-00C04F79EFBC}") = "MISA.DL", "MISA.DL\MISA.DL.csproj", "{39EAE28D-5A41-4309-A254-00242A9EC3C9}"
EndProject
Project("{FAE04EC0-301F-11D3-BF4B-00C04F79EFBC}") = "MISA.BL", "MISA.BL\MISA.BL.csproj", "{D8BD3D88-6316-4B21-9ECD-CB9CBD436EA7}"
EndProject
Global
	GlobalSection(SolutionConfigurationPlatforms) = preSolution
		Debug|Any CPU = Debug|Any CPU
		Release|Any CPU = Release|Any CPU
	EndGlobalSection
	GlobalSection(ProjectConfigurationPlatforms) = postSolution
		{915A7D6B-AF2C-40D9-AF63-03A68A069AC3}.Debug|Any CPU.ActiveCfg = Debug|Any CPU
		{915A7D6B-AF2C-40D9-AF63-03A68A069AC3}.Debug|Any CPU.Build.0 = Debug|Any CPU
		{915A7D6B-AF2C-40D9-AF63-03A68A069AC3}.Release|Any CPU.ActiveCfg = Release|Any CPU
		{915A7D6B-AF2C-40D9-AF63-03A68A069AC3}.Release|Any CPU.Build.0 = Release|Any CPU
		{39EAE28D-5A41-4309-A254-00242A9EC3C9}.Debug|Any CPU.ActiveCfg = Debug|Any CPU
		{39EAE28D-5A41-4309-A254-00242A9EC3C9}.Debug|Any CPU.Build.0 = Debug|Any CPU
		{39EAE28D-5A41-4309-A254-00242A9EC3C9}.Release|Any CPU.ActiveCfg = Release|Any CPU
		{39EAE28D-5A41-4309-A254-00242A9EC3C9}.Release|Any CPU.Build.0 = Release|Any CPU
		{D8BD3D88-6316-4B21-9ECD-CB9CBD436EA7}.Debug|Any CPU.ActiveCfg = Debug|Any CPU
		{D8BD3D88-6316-4B21-9ECD-CB9CBD436EA7}.Debug|Any CPU.Build.0 = Debug|Any CPU
		{D8BD3D88-6316-4B21-9ECD-CB9CBD436EA7}.Release|Any CPU.ActiveCfg = Release|Any CPU
		{D8BD3D88-6316-4B21-9ECD-CB9CBD436EA7}.Release|Any CPU.Build.0 = Release|Any CPU
	EndGlobalSection
	GlobalSection(SolutionProperties) = preSolution
		HideSolutionNode = FALSE
	EndGlobalSection
	GlobalSection(ExtensibilityGlobals) = postSolution
		SolutionGuid = {600277B0-9BA6-48EC-AFBA-D0B730782D8A}
	EndGlobalSection
EndGlobal
